
Microsoft Visual Studio Solution File, Format Version 12.00
# Visual Studio Version 16
VisualStudioVersion = 16.0.31613.86
MinimumVisualStudioVersion = 10.0.40219.1
Project("{8BC9CEB8-8B4A-11D0-8D11-00A0C91BC942}") = "BankApp", "BankApp\BankApp.vcxproj", "{06B6649B-A069-4CC6-8BFC-8CA33F699A58}"
EndProject
Global
	GlobalSection(SolutionConfigurationPlatforms) = preSolution
		Debug|x64 = Debug|x64
		Debug|x86 = Debug|x86
		Release|x64 = Release|x64
		Release|x86 = Release|x86
	EndGlobalSection
	GlobalSection(ProjectConfigurationPlatforms) = postSolution
		{06B6649B-A069-4CC6-8BFC-8CA33F699A58}.Debug|x64.ActiveCfg = Debug|x64
		{06B6649B-A069-4CC6-8BFC-8CA33F699A58}.Debug|x64.Build.0 = Debug|x64
		{06B6649B-A069-4CC6-8BFC-8CA33F699A58}.Debug|x86.ActiveCfg = Debug|Win32
		{06B6649B-A069-4CC6-8BFC-8CA33F699A58}.Debug|x86.Build.0 = Debug|Win32
		{06B6649B-A069-4CC6-8BFC-8CA33F699A58}.Release|x64.ActiveCfg = Release|x64
		{06B6649B-A069-4CC6-8BFC-8CA33F699A58}.Release|x64.Build.0 = Release|x64
		{06B6649B-A069-4CC6-8BFC-8CA33F699A58}.Release|x86.ActiveCfg = Release|Win32
		{06B6649B-A069-4CC6-8BFC-8CA33F699A58}.Release|x86.Build.0 = Release|Win32
	EndGlobalSection
	GlobalSection(SolutionProperties) = preSolution
		HideSolutionNode = FALSE
	EndGlobalSection
	GlobalSection(ExtensibilityGlobals) = postSolution
		SolutionGuid = {491810ED-1446-4DC0-B7B6-5DB7258061A0}
	EndGlobalSection
EndGlobal
